
Microsoft Visual Studio Solution File, Format Version 12.00
# Visual Studio Version 17
VisualStudioVersion = 17.7.34024.191
MinimumVisualStudioVersion = 10.0.40219.1
Project("{888888A0-9F3D-457C-B088-3A5042F75D52}") = "MilLog", "MilLog\MilLog.pyproj", "{B8E1309E-4F62-44F8-A432-F207C884926D}"
EndProject
Global
	GlobalSection(SolutionConfigurationPlatforms) = preSolution
		Debug|Any CPU = Debug|Any CPU
		Release|Any CPU = Release|Any CPU
	EndGlobalSection
	GlobalSection(ProjectConfigurationPlatforms) = postSolution
		{B8E1309E-4F62-44F8-A432-F207C884926D}.Debug|Any CPU.ActiveCfg = Debug|Any CPU
		{B8E1309E-4F62-44F8-A432-F207C884926D}.Debug|Any CPU.Build.0 = Debug|Any CPU
		{B8E1309E-4F62-44F8-A432-F207C884926D}.Release|Any CPU.ActiveCfg = Release|Any CPU
		{B8E1309E-4F62-44F8-A432-F207C884926D}.Release|Any CPU.Build.0 = Release|Any CPU
	EndGlobalSection
	GlobalSection(SolutionProperties) = preSolution
		HideSolutionNode = FALSE
	EndGlobalSection
	GlobalSection(ExtensibilityGlobals) = postSolution
		SolutionGuid = {D7242A1F-6DF7-4F67-A962-D5722A6D8492}
	EndGlobalSection
EndGlobal
